Microsoft Visual Studio Solution File, Format Version 12.00
# Visual Studio 14
Project("{8BC9CEB8-8B4A-11D0-8D11-00A0C91BC942}") = "ALL_BUILD", "ALL_BUILD.vcxproj", "{7AA53551-85FE-3E79-B49B-7923E12C188B}"
	ProjectSection(ProjectDependencies) = postProject
		{92C8B6EA-221F-3B28-90AF-03621BFD59B6} = {92C8B6EA-221F-3B28-90AF-03621BFD59B6}
		{5CE3F146-3C96-3F00-B07D-2E55C74C5B66} = {5CE3F146-3C96-3F00-B07D-2E55C74C5B66}
		{B9711511-7EDC-314A-8BF0-E93DDBDC2337} = {B9711511-7EDC-314A-8BF0-E93DDBDC2337}
		{587C5558-AB85-303F-9CD0-E005009C2F72} = {587C5558-AB85-303F-9CD0-E005009C2F72}
		{482214F3-8097-3EDD-977E-CE9B7632C631} = {482214F3-8097-3EDD-977E-CE9B7632C631}
		{D9F6FF70-FE49-334E-8E87-B217538757F1} = {D9F6FF70-FE49-334E-8E87-B217538757F1}
		{B9495D1E-5F10-359F-B981-5E6C8CAAF073} = {B9495D1E-5F10-359F-B981-5E6C8CAAF073}
	EndProjectSection
EndProject
Project("{8BC9CEB8-8B4A-11D0-8D11-00A0C91BC942}") = "HW1", "Problem Sets\Problem Set 1\HW1.vcxproj", "{92C8B6EA-221F-3B28-90AF-03621BFD59B6}"
	ProjectSection(ProjectDependencies) = postProject
		{B9495D1E-5F10-359F-B981-5E6C8CAAF073} = {B9495D1E-5F10-359F-B981-5E6C8CAAF073}
	EndProjectSection
EndProject
Project("{8BC9CEB8-8B4A-11D0-8D11-00A0C91BC942}") = "HW2", "Problem Sets\Problem Set 2\HW2.vcxproj", "{5CE3F146-3C96-3F00-B07D-2E55C74C5B66}"
	ProjectSection(ProjectDependencies) = postProject
		{B9495D1E-5F10-359F-B981-5E6C8CAAF073} = {B9495D1E-5F10-359F-B981-5E6C8CAAF073}
	EndProjectSection
EndProject
Project("{8BC9CEB8-8B4A-11D0-8D11-00A0C91BC942}") = "HW3", "Problem Sets\Problem Set 3\HW3.vcxproj", "{B9711511-7EDC-314A-8BF0-E93DDBDC2337}"
	ProjectSection(ProjectDependencies) = postProject
		{B9495D1E-5F10-359F-B981-5E6C8CAAF073} = {B9495D1E-5F10-359F-B981-5E6C8CAAF073}
	EndProjectSection
EndProject
Project("{8BC9CEB8-8B4A-11D0-8D11-00A0C91BC942}") = "HW4", "Problem Sets\Problem Set 4\HW4.vcxproj", "{587C5558-AB85-303F-9CD0-E005009C2F72}"
	ProjectSection(ProjectDependencies) = postProject
		{B9495D1E-5F10-359F-B981-5E6C8CAAF073} = {B9495D1E-5F10-359F-B981-5E6C8CAAF073}
	EndProjectSection
EndProject
Project("{8BC9CEB8-8B4A-11D0-8D11-00A0C91BC942}") = "HW5", "Problem Sets\Problem Set 5\HW5.vcxproj", "{482214F3-8097-3EDD-977E-CE9B7632C631}"
	ProjectSection(ProjectDependencies) = postProject
		{B9495D1E-5F10-359F-B981-5E6C8CAAF073} = {B9495D1E-5F10-359F-B981-5E6C8CAAF073}
	EndProjectSection
EndProject
Project("{8BC9CEB8-8B4A-11D0-8D11-00A0C91BC942}") = "HW6", "Problem Sets\Problem Set 6\HW6.vcxproj", "{D9F6FF70-FE49-334E-8E87-B217538757F1}"
	ProjectSection(ProjectDependencies) = postProject
		{B9495D1E-5F10-359F-B981-5E6C8CAAF073} = {B9495D1E-5F10-359F-B981-5E6C8CAAF073}
	EndProjectSection
EndProject
Project("{8BC9CEB8-8B4A-11D0-8D11-00A0C91BC942}") = "ZERO_CHECK", "ZERO_CHECK.vcxproj", "{B9495D1E-5F10-359F-B981-5E6C8CAAF073}"
	ProjectSection(ProjectDependencies) = postProject
	EndProjectSection
EndProject
Global
	GlobalSection(SolutionConfigurationPlatforms) = preSolution
		Debug|x64 = Debug|x64
		Release|x64 = Release|x64
		MinSizeRel|x64 = MinSizeRel|x64
		RelWithDebInfo|x64 = RelWithDebInfo|x64
	EndGlobalSection
	GlobalSection(ProjectConfigurationPlatforms) = postSolution
		{7AA53551-85FE-3E79-B49B-7923E12C188B}.Debug|x64.ActiveCfg = Debug|x64
		{7AA53551-85FE-3E79-B49B-7923E12C188B}.Release|x64.ActiveCfg = Release|x64
		{7AA53551-85FE-3E79-B49B-7923E12C188B}.MinSizeRel|x64.ActiveCfg = MinSizeRel|x64
		{7AA53551-85FE-3E79-B49B-7923E12C188B}.RelWithDebInfo|x64.ActiveCfg = RelWithDebInfo|x64
		{92C8B6EA-221F-3B28-90AF-03621BFD59B6}.Debug|x64.ActiveCfg = Debug|x64
		{92C8B6EA-221F-3B28-90AF-03621BFD59B6}.Debug|x64.Build.0 = Debug|x64
		{92C8B6EA-221F-3B28-90AF-03621BFD59B6}.Release|x64.ActiveCfg = Release|x64
		{92C8B6EA-221F-3B28-90AF-03621BFD59B6}.Release|x64.Build.0 = Release|x64
		{92C8B6EA-221F-3B28-90AF-03621BFD59B6}.MinSizeRel|x64.ActiveCfg = MinSizeRel|x64
		{92C8B6EA-221F-3B28-90AF-03621BFD59B6}.MinSizeRel|x64.Build.0 = MinSizeRel|x64
		{92C8B6EA-221F-3B28-90AF-03621BFD59B6}.RelWithDebInfo|x64.ActiveCfg = RelWithDebInfo|x64
		{92C8B6EA-221F-3B28-90AF-03621BFD59B6}.RelWithDebInfo|x64.Build.0 = RelWithDebInfo|x64
		{5CE3F146-3C96-3F00-B07D-2E55C74C5B66}.Debug|x64.ActiveCfg = Debug|x64
		{5CE3F146-3C96-3F00-B07D-2E55C74C5B66}.Debug|x64.Build.0 = Debug|x64
		{5CE3F146-3C96-3F00-B07D-2E55C74C5B66}.Release|x64.ActiveCfg = Release|x64
		{5CE3F146-3C96-3F00-B07D-2E55C74C5B66}.Release|x64.Build.0 = Release|x64
		{5CE3F146-3C96-3F00-B07D-2E55C74C5B66}.MinSizeRel|x64.ActiveCfg = MinSizeRel|x64
		{5CE3F146-3C96-3F00-B07D-2E55C74C5B66}.MinSizeRel|x64.Build.0 = MinSizeRel|x64
		{5CE3F146-3C96-3F00-B07D-2E55C74C5B66}.RelWithDebInfo|x64.ActiveCfg = RelWithDebInfo|x64
		{5CE3F146-3C96-3F00-B07D-2E55C74C5B66}.RelWithDebInfo|x64.Build.0 = RelWithDebInfo|x64
		{B9711511-7EDC-314A-8BF0-E93DDBDC2337}.Debug|x64.ActiveCfg = Debug|x64
		{B9711511-7EDC-314A-8BF0-E93DDBDC2337}.Debug|x64.Build.0 = Debug|x64
		{B9711511-7EDC-314A-8BF0-E93DDBDC2337}.Release|x64.ActiveCfg = Release|x64
		{B9711511-7EDC-314A-8BF0-E93DDBDC2337}.Release|x64.Build.0 = Release|x64
		{B9711511-7EDC-314A-8BF0-E93DDBDC2337}.MinSizeRel|x64.ActiveCfg = MinSizeRel|x64
		{B9711511-7EDC-314A-8BF0-E93DDBDC2337}.MinSizeRel|x64.Build.0 = MinSizeRel|x64
		{B9711511-7EDC-314A-8BF0-E93DDBDC2337}.RelWithDebInfo|x64.ActiveCfg = RelWithDebInfo|x64
		{B9711511-7EDC-314A-8BF0-E93DDBDC2337}.RelWithDebInfo|x64.Build.0 = RelWithDebInfo|x64
		{587C5558-AB85-303F-9CD0-E005009C2F72}.Debug|x64.ActiveCfg = Debug|x64
		{587C5558-AB85-303F-9CD0-E005009C2F72}.Debug|x64.Build.0 = Debug|x64
		{587C5558-AB85-303F-9CD0-E005009C2F72}.Release|x64.ActiveCfg = Release|x64
		{587C5558-AB85-303F-9CD0-E005009C2F72}.Release|x64.Build.0 = Release|x64
		{587C5558-AB85-303F-9CD0-E005009C2F72}.MinSizeRel|x64.ActiveCfg = MinSizeRel|x64
		{587C5558-AB85-303F-9CD0-E005009C2F72}.MinSizeRel|x64.Build.0 = MinSizeRel|x64
		{587C5558-AB85-303F-9CD0-E005009C2F72}.RelWithDebInfo|x64.ActiveCfg = RelWithDebInfo|x64
		{587C5558-AB85-303F-9CD0-E005009C2F72}.RelWithDebInfo|x64.Build.0 = RelWithDebInfo|x64
		{482214F3-8097-3EDD-977E-CE9B7632C631}.Debug|x64.ActiveCfg = Debug|x64
		{482214F3-8097-3EDD-977E-CE9B7632C631}.Debug|x64.Build.0 = Debug|x64
		{482214F3-8097-3EDD-977E-CE9B7632C631}.Release|x64.ActiveCfg = Release|x64
		{482214F3-8097-3EDD-977E-CE9B7632C631}.Release|x64.Build.0 = Release|x64
		{482214F3-8097-3EDD-977E-CE9B7632C631}.MinSizeRel|x64.ActiveCfg = MinSizeRel|x64
		{482214F3-8097-3EDD-977E-CE9B7632C631}.MinSizeRel|x64.Build.0 = MinSizeRel|x64
		{482214F3-8097-3EDD-977E-CE9B7632C631}.RelWithDebInfo|x64.ActiveCfg = RelWithDebInfo|x64
		{482214F3-8097-3EDD-977E-CE9B7632C631}.RelWithDebInfo|x64.Build.0 = RelWithDebInfo|x64
		{D9F6FF70-FE49-334E-8E87-B217538757F1}.Debug|x64.ActiveCfg = Debug|x64
		{D9F6FF70-FE49-334E-8E87-B217538757F1}.Debug|x64.Build.0 = Debug|x64
		{D9F6FF70-FE49-334E-8E87-B217538757F1}.Release|x64.ActiveCfg = Release|x64
		{D9F6FF70-FE49-334E-8E87-B217538757F1}.Release|x64.Build.0 = Release|x64
		{D9F6FF70-FE49-334E-8E87-B217538757F1}.MinSizeRel|x64.ActiveCfg = MinSizeRel|x64
		{D9F6FF70-FE49-334E-8E87-B217538757F1}.MinSizeRel|x64.Build.0 = MinSizeRel|x64
		{D9F6FF70-FE49-334E-8E87-B217538757F1}.RelWithDebInfo|x64.ActiveCfg = RelWithDebInfo|x64
		{D9F6FF70-FE49-334E-8E87-B217538757F1}.RelWithDebInfo|x64.Build.0 = RelWithDebInfo|x64
		{B9495D1E-5F10-359F-B981-5E6C8CAAF073}.Debug|x64.ActiveCfg = Debug|x64
		{B9495D1E-5F10-359F-B981-5E6C8CAAF073}.Debug|x64.Build.0 = Debug|x64
		{B9495D1E-5F10-359F-B981-5E6C8CAAF073}.Release|x64.ActiveCfg = Release|x64
		{B9495D1E-5F10-359F-B981-5E6C8CAAF073}.Release|x64.Build.0 = Release|x64
		{B9495D1E-5F10-359F-B981-5E6C8CAAF073}.MinSizeRel|x64.ActiveCfg = MinSizeRel|x64
		{B9495D1E-5F10-359F-B981-5E6C8CAAF073}.MinSizeRel|x64.Build.0 = MinSizeRel|x64
		{B9495D1E-5F10-359F-B981-5E6C8CAAF073}.RelWithDebInfo|x64.ActiveCfg = RelWithDebInfo|x64
		{B9495D1E-5F10-359F-B981-5E6C8CAAF073}.RelWithDebInfo|x64.Build.0 = RelWithDebInfo|x64
	EndGlobalSection
	GlobalSection(ExtensibilityGlobals) = postSolution
	EndGlobalSection
	GlobalSection(ExtensibilityAddIns) = postSolution
	EndGlobalSection
EndGlobal
